// !$*UTF8*$!
{
	archiveVersion = 1;
	classes = {
	};
	objectVersion = 46;
	objects = {

/* Begin PBXBuildFile section */
		8019FF901B640ECD00D32DEF /* AppDelegate.swift in Sources */ = {isa = PBXBuildFile; fileRef = 8019FF8F1B640ECD00D32DEF /* AppDelegate.swift */; };
		8019FF951B640ECD00D32DEF /* Main.storyboard in Resources */ = {isa = PBXBuildFile; fileRef = 8019FF931B640ECD00D32DEF /* Main.storyboard */; };
		8019FF971B640ECD00D32DEF /* Images.xcassets in Resources */ = {isa = PBXBuildFile; fileRef = 8019FF961B640ECD00D32DEF /* Images.xcassets */; };
		8019FF9A1B640ECD00D32DEF /* LaunchScreen.xib in Resources */ = {isa = PBXBuildFile; fileRef = 8019FF981B640ECD00D32DEF /* LaunchScreen.xib */; };
		8019FFA61B640ECD00D32DEF /* DuvideiTests.swift in Sources */ = {isa = PBXBuildFile; fileRef = 8019FFA51B640ECD00D32DEF /* DuvideiTests.swift */; };
		BAD66DD69A44A5C0F5D037EA /* libPods.a in Frameworks */ = {isa = PBXBuildFile; fileRef = 8E3C241585781D9BD8140B02 /* libPods.a */; };
		BF6653F91B641FAB00673578 /* UserManager.swift in Sources */ = {isa = PBXBuildFile; fileRef = BF6653F81B641FAB00673578 /* UserManager.swift */; };
		BF6653FB1B641FD300673578 /* PostManager.swift in Sources */ = {isa = PBXBuildFile; fileRef = BF6653FA1B641FD300673578 /* PostManager.swift */; };
		BF6653FD1B6420FD00673578 /* LikeManager.swift in Sources */ = {isa = PBXBuildFile; fileRef = BF6653FC1B6420FD00673578 /* LikeManager.swift */; };
		BF6653FF1B64215E00673578 /* TagManager.swift in Sources */ = {isa = PBXBuildFile; fileRef = BF6653FE1B64215E00673578 /* TagManager.swift */; };
/* End PBXBuildFile section */

/* Begin PBXContainerItemProxy section */
		8019FFA01B640ECD00D32DEF /* PBXContainerItemProxy */ = {
			isa = PBXContainerItemProxy;
			containerPortal = 8019FF821B640ECD00D32DEF /* Project object */;
			proxyType = 1;
			remoteGlobalIDString = 8019FF891B640ECD00D32DEF;
			remoteInfo = Duvidei;
		};
/* End PBXContainerItemProxy section */

/* Begin PBXFileReference section */
		12421D272B30C65B70D98F01 /* Pods.release.xcconfig */ = {isa = PBXFileReference; includeInIndex = 1; lastKnownFileType = text.xcconfig; name = Pods.release.xcconfig; path = "Pods/Target Support Files/Pods/Pods.release.xcconfig"; sourceTree = "<group>"; };
		192886F0461DBD51615536C9 /* Pods.debug.xcconfig */ = {isa = PBXFileReference; includeInIndex = 1; lastKnownFileType = text.xcconfig; name = Pods.debug.xcconfig; path = "Pods/Target Support Files/Pods/Pods.debug.xcconfig"; sourceTree = "<group>"; };
		8019FF8A1B640ECD00D32DEF /* Duvidei.app */ = {isa = PBXFileReference; explicitFileType = wrapper.application; includeInIndex = 0; path = Duvidei.app; sourceTree = BUILT_PRODUCTS_DIR; };
		8019FF8E1B640ECD00D32DEF /* Info.plist */ = {isa = PBXFileReference; lastKnownFileType = text.plist.xml; path = Info.plist; sourceTree = "<group>"; };
		8019FF8F1B640ECD00D32DEF /* AppDelegate.swift */ = {isa = PBXFileReference; lastKnownFileType = sourcecode.swift; path = AppDelegate.swift; sourceTree = "<group>"; };
		8019FF941B640ECD00D32DEF /* Base */ = {isa = PBXFileReference; lastKnownFileType = file.storyboard; name = Base; path = Base.lproj/Main.storyboard; sourceTree = "<group>"; };
		8019FF961B640ECD00D32DEF /* Images.xcassets */ = {isa = PBXFileReference; lastKnownFileType = folder.assetcatalog; path = Images.xcassets; sourceTree = "<group>"; };
		8019FF991B640ECD00D32DEF /* Base */ = {isa = PBXFileReference; lastKnownFileType = file.xib; name = Base; path = Base.lproj/LaunchScreen.xib; sourceTree = "<group>"; };
		8019FF9F1B640ECD00D32DEF /* DuvideiTests.xctest */ = {isa = PBXFileReference; explicitFileType = wrapper.cfbundle; includeInIndex = 0; path = DuvideiTests.xctest; sourceTree = BUILT_PRODUCTS_DIR; };
		8019FFA41B640ECD00D32DEF /* Info.plist */ = {isa = PBXFileReference; lastKnownFileType = text.plist.xml; path = Info.plist; sourceTree = "<group>"; };
		8019FFA51B640ECD00D32DEF /* DuvideiTests.swift */ = {isa = PBXFileReference; lastKnownFileType = sourcecode.swift; path = DuvideiTests.swift; sourceTree = "<group>"; };
		8E3C241585781D9BD8140B02 /* libPods.a */ = {isa = PBXFileReference; explicitFileType = archive.ar; includeInIndex = 0; path = libPods.a; sourceTree = BUILT_PRODUCTS_DIR; };
		BF6653F71B64191B00673578 /* bridging-header.h */ = {isa = PBXFileReference; fileEncoding = 4; lastKnownFileType = sourcecode.c.h; path = "bridging-header.h"; sourceTree = "<group>"; };
		BF6653F81B641FAB00673578 /* UserManager.swift */ = {isa = PBXFileReference; fileEncoding = 4; lastKnownFileType = sourcecode.swift; name = UserManager.swift; path = Model/UserManager.swift; sourceTree = "<group>"; };
		BF6653FA1B641FD300673578 /* PostManager.swift */ = {isa = PBXFileReference; fileEncoding = 4; lastKnownFileType = sourcecode.swift; name = PostManager.swift; path = Model/PostManager.swift; sourceTree = "<group>"; };
		BF6653FC1B6420FD00673578 /* LikeManager.swift */ = {isa = PBXFileReference; fileEncoding = 4; lastKnownFileType = sourcecode.swift; name = LikeManager.swift; path = Model/LikeManager.swift; sourceTree = "<group>"; };
		BF6653FE1B64215E00673578 /* TagManager.swift */ = {isa = PBXFileReference; fileEncoding = 4; lastKnownFileType = sourcecode.swift; name = TagManager.swift; path = Model/TagManager.swift; sourceTree = "<group>"; };
/* End PBXFileReference section */

/* Begin PBXFrameworksBuildPhase section */
		8019FF871B640ECD00D32DEF /* Frameworks */ = {
			isa = PBXFrameworksBuildPhase;
			buildActionMask = 2147483647;
			files = (
				BAD66DD69A44A5C0F5D037EA /* libPods.a in Frameworks */,
			);
			runOnlyForDeploymentPostprocessing = 0;
		};
		8019FF9C1B640ECD00D32DEF /* Frameworks */ = {
			isa = PBXFrameworksBuildPhase;
			buildActionMask = 2147483647;
			files = (
			);
			runOnlyForDeploymentPostprocessing = 0;
		};
/* End PBXFrameworksBuildPhase section */

/* Begin PBXGroup section */
		1794829503DE5869671A7933 /* Pods */ = {
			isa = PBXGroup;
			children = (
				192886F0461DBD51615536C9 /* Pods.debug.xcconfig */,
				12421D272B30C65B70D98F01 /* Pods.release.xcconfig */,
			);
			name = Pods;
			sourceTree = "<group>";
		};
		8019FF811B640ECD00D32DEF = {
			isa = PBXGroup;
			children = (
				8019FF8C1B640ECD00D32DEF /* Duvidei */,
				8019FFA21B640ECD00D32DEF /* DuvideiTests */,
				8019FF8B1B640ECD00D32DEF /* Products */,
				1794829503DE5869671A7933 /* Pods */,
				DD40E8631C9047D65D10C8DA /* Frameworks */,
			);
			sourceTree = "<group>";
		};
		8019FF8B1B640ECD00D32DEF /* Products */ = {
			isa = PBXGroup;
			children = (
				8019FF8A1B640ECD00D32DEF /* Duvidei.app */,
				8019FF9F1B640ECD00D32DEF /* DuvideiTests.xctest */,
			);
			name = Products;
			sourceTree = "<group>";
		};
		8019FF8C1B640ECD00D32DEF /* Duvidei */ = {
			isa = PBXGroup;
			children = (
				8019FF8F1B640ECD00D32DEF /* AppDelegate.swift */,
				8019FF961B640ECD00D32DEF /* Images.xcassets */,
				BF6653F61B64135300673578 /* Model */,
				BF6653F51B64134900673578 /* View */,
				BF6653F41B64134000673578 /* Controller */,
				8019FF8D1B640ECD00D32DEF /* Supporting Files */,
			);
			path = Duvidei;
			sourceTree = "<group>";
		};
		8019FF8D1B640ECD00D32DEF /* Supporting Files */ = {
			isa = PBXGroup;
			children = (
				BF6653F71B64191B00673578 /* bridging-header.h */,
				8019FF8E1B640ECD00D32DEF /* Info.plist */,
			);
			name = "Supporting Files";
			sourceTree = "<group>";
		};
		8019FFA21B640ECD00D32DEF /* DuvideiTests */ = {
			isa = PBXGroup;
			children = (
				8019FFA51B640ECD00D32DEF /* DuvideiTests.swift */,
				8019FFA31B640ECD00D32DEF /* Supporting Files */,
			);
			path = DuvideiTests;
			sourceTree = "<group>";
		};
		8019FFA31B640ECD00D32DEF /* Supporting Files */ = {
			isa = PBXGroup;
			children = (
				8019FFA41B640ECD00D32DEF /* Info.plist */,
			);
			name = "Supporting Files";
			sourceTree = "<group>";
		};
		BF6653F41B64134000673578 /* Controller */ = {
			isa = PBXGroup;
			children = (
			);
			name = Controller;
			sourceTree = "<group>";
		};
		BF6653F51B64134900673578 /* View */ = {
			isa = PBXGroup;
			children = (
				8019FF981B640ECD00D32DEF /* LaunchScreen.xib */,
				8019FF931B640ECD00D32DEF /* Main.storyboard */,
			);
			name = View;
			sourceTree = "<group>";
		};
		BF6653F61B64135300673578 /* Model */ = {
			isa = PBXGroup;
			children = (
				BF6653F81B641FAB00673578 /* UserManager.swift */,
				BF6653FA1B641FD300673578 /* PostManager.swift */,
				BF6653FC1B6420FD00673578 /* LikeManager.swift */,
				BF6653FE1B64215E00673578 /* TagManager.swift */,
			);
			name = Model;
			sourceTree = "<group>";
		};
		DD40E8631C9047D65D10C8DA /* Frameworks */ = {
			isa = PBXGroup;
			children = (
				8E3C241585781D9BD8140B02 /* libPods.a */,
			);
			name = Frameworks;
			sourceTree = "<group>";
		};
/* End PBXGroup section */

/* Begin PBXNativeTarget section */
		8019FF891B640ECD00D32DEF /* Duvidei */ = {
			isa = PBXNativeTarget;
			buildConfigurationList = 8019FFA91B640ECD00D32DEF /* Build configuration list for PBXNativeTarget "Duvidei" */;
			buildPhases = (
				1155E8CD81ABD68A965A4E6D /* Check Pods Manifest.lock */,
				8019FF861B640ECD00D32DEF /* Sources */,
				8019FF871B640ECD00D32DEF /* Frameworks */,
				8019FF881B640ECD00D32DEF /* Resources */,
				81137AC92C2366F1F62E538F /* Copy Pods Resources */,
			);
			buildRules = (
			);
			dependencies = (
			);
			name = Duvidei;
			productName = Duvidei;
			productReference = 8019FF8A1B640ECD00D32DEF /* Duvidei.app */;
			productType = "com.apple.product-type.application";
		};
		8019FF9E1B640ECD00D32DEF /* DuvideiTests */ = {
			isa = PBXNativeTarget;
			buildConfigurationList = 8019FFAC1B640ECD00D32DEF /* Build configuration list for PBXNativeTarget "DuvideiTests" */;
			buildPhases = (
				8019FF9B1B640ECD00D32DEF /* Sources */,
				8019FF9C1B640ECD00D32DEF /* Frameworks */,
				8019FF9D1B640ECD00D32DEF /* Resources */,
			);
			buildRules = (
			);
			dependencies = (
				8019FFA11B640ECD00D32DEF /* PBXTargetDependency */,
			);
			name = DuvideiTests;
			productName = DuvideiTests;
			productReference = 8019FF9F1B640ECD00D32DEF /* DuvideiTests.xctest */;
			productType = "com.apple.product-type.bundle.unit-test";
		};
/* End PBXNativeTarget section */

/* Begin PBXProject section */
		8019FF821B640ECD00D32DEF /* Project object */ = {
			isa = PBXProject;
			attributes = {
				LastUpgradeCheck = 0640;
				ORGANIZATIONNAME = "Moisés Pio";
				TargetAttributes = {
					8019FF891B640ECD00D32DEF = {
						CreatedOnToolsVersion = 6.4;
					};
					8019FF9E1B640ECD00D32DEF = {
						CreatedOnToolsVersion = 6.4;
						TestTargetID = 8019FF891B640ECD00D32DEF;
					};
				};
			};
			buildConfigurationList = 8019FF851B640ECD00D32DEF /* Build configuration list for PBXProject "Duvidei" */;
			compatibilityVersion = "Xcode 3.2";
			developmentRegion = English;
			hasScannedForEncodings = 0;
			knownRegions = (
				en,
				Base,
			);
			mainGroup = 8019FF811B640ECD00D32DEF;
			productRefGroup = 8019FF8B1B640ECD00D32DEF /* Products */;
			projectDirPath = "";
			projectRoot = "";
			targets = (
				8019FF891B640ECD00D32DEF /* Duvidei */,
				8019FF9E1B640ECD00D32DEF /* DuvideiTests */,
			);
		};
/* End PBXProject section */

/* Begin PBXResourcesBuildPhase section */
		8019FF881B640ECD00D32DEF /* Resources */ = {
			isa = PBXResourcesBuildPhase;
			buildActionMask = 2147483647;
			files = (
				8019FF951B640ECD00D32DEF /* Main.storyboard in Resources */,
				8019FF9A1B640ECD00D32DEF /* LaunchScreen.xib in Resources */,
				8019FF971B640ECD00D32DEF /* Images.xcassets in Resources */,
			);
			runOnlyForDeploymentPostprocessing = 0;
		};
		8019FF9D1B640ECD00D32DEF /* Resources */ = {
			isa = PBXResourcesBuildPhase;
			buildActionMask = 2147483647;
			files = (
			);
			runOnlyForDeploymentPostprocessing = 0;
		};
/* End PBXResourcesBuildPhase section */

/* Begin PBXShellScriptBuildPhase section */
		1155E8CD81ABD68A965A4E6D /* Check Pods Manifest.lock */ = {
			isa = PBXShellScriptBuildPhase;
			buildActionMask = 2147483647;
			files = (
			);
			inputPaths = (
			);
			name = "Check Pods Manifest.lock";
			outputPaths = (
			);
			runOnlyForDeploymentPostprocessing = 0;
			shellPath = /bin/sh;
			shellScript = "diff \"${PODS_ROOT}/../Podfile.lock\" \"${PODS_ROOT}/Manifest.lock\" > /dev/null\nif [[ $? != 0 ]] ; then\n    cat << EOM\nerror: The sandbox is not in sync with the Podfile.lock. Run 'pod install' or update your CocoaPods installation.\nEOM\n    exit 1\nfi\n";
			showEnvVarsInLog = 0;
		};
		81137AC92C2366F1F62E538F /* Copy Pods Resources */ = {
			isa = PBXShellScriptBuildPhase;
			buildActionMask = 2147483647;
			files = (
			);
			inputPaths = (
			);
			name = "Copy Pods Resources";
			outputPaths = (
			);
			runOnlyForDeploymentPostprocessing = 0;
			shellPath = /bin/sh;
			shellScript = "\"${SRCROOT}/Pods/Target Support Files/Pods/Pods-resources.sh\"\n";
			showEnvVarsInLog = 0;
		};
/* End PBXShellScriptBuildPhase section */

/* Begin PBXSourcesBuildPhase section */
		8019FF861B640ECD00D32DEF /* Sources */ = {
			isa = PBXSourcesBuildPhase;
			buildActionMask = 2147483647;
			files = (
				BF6653FD1B6420FD00673578 /* LikeManager.swift in Sources */,
				BF6653F91B641FAB00673578 /* UserManager.swift in Sources */,
				BF6653FF1B64215E00673578 /* TagManager.swift in Sources */,
				8019FF901B640ECD00D32DEF /* AppDelegate.swift in Sources */,
				BF6653FB1B641FD300673578 /* PostManager.swift in Sources */,
			);
			runOnlyForDeploymentPostprocessing = 0;
		};
		8019FF9B1B640ECD00D32DEF /* Sources */ = {
			isa = PBXSourcesBuildPhase;
			buildActionMask = 2147483647;
			files = (
				8019FFA61B640ECD00D32DEF /* DuvideiTests.swift in Sources */,
			);
			runOnlyForDeploymentPostprocessing = 0;
		};
/* End PBXSourcesBuildPhase section */

/* Begin PBXTargetDependency section */
		8019FFA11B640ECD00D32DEF /* PBXTargetDependency */ = {
			isa = PBXTargetDependency;
			target = 8019FF891B640ECD00D32DEF /* Duvidei */;
			targetProxy = 8019FFA01B640ECD00D32DEF /* PBXContainerItemProxy */;
		};
/* End PBXTargetDependency section */

/* Begin PBXVariantGroup section */
		8019FF931B640ECD00D32DEF /* Main.storyboard */ = {
			isa = PBXVariantGroup;
			children = (
				8019FF941B640ECD00D32DEF /* Base */,
			);
			name = Main.storyboard;
			sourceTree = "<group>";
		};
		8019FF981B640ECD00D32DEF /* LaunchScreen.xib */ = {
			isa = PBXVariantGroup;
			children = (
				8019FF991B640ECD00D32DEF /* Base */,
			);
			name = LaunchScreen.xib;
			sourceTree = "<group>";
		};
/* End PBXVariantGroup section */

/* Begin XCBuildConfiguration section */
		8019FFA71B640ECD00D32DEF /* Debug */ = {
			isa = XCBuildConfiguration;
			buildSettings = {
				ALWAYS_SEARCH_USER_PATHS = NO;
				CLANG_CXX_LANGUAGE_STANDARD = "gnu++0x";
				CLANG_CXX_LIBRARY = "libc++";
				CLANG_ENABLE_MODULES = YES;
				CLANG_ENABLE_OBJC_ARC = YES;
				CLANG_WARN_BOOL_CONVERSION = YES;
				CLANG_WARN_CONSTANT_CONVERSION = YES;
				CLANG_WARN_DIRECT_OBJC_ISA_USAGE = YES_ERROR;
				CLANG_WARN_EMPTY_BODY = YES;
				CLANG_WARN_ENUM_CONVERSION = YES;
				CLANG_WARN_INT_CONVERSION = YES;
				CLANG_WARN_OBJC_ROOT_CLASS = YES_ERROR;
				CLANG_WARN_UNREACHABLE_CODE = YES;
				CLANG_WARN__DUPLICATE_METHOD_MATCH = YES;
				"CODE_SIGN_IDENTITY[sdk=iphoneos*]" = "iPhone Developer";
				COPY_PHASE_STRIP = NO;
				DEBUG_INFORMATION_FORMAT = "dwarf-with-dsym";
				ENABLE_STRICT_OBJC_MSGSEND = YES;
				GCC_C_LANGUAGE_STANDARD = gnu99;
				GCC_DYNAMIC_NO_PIC = NO;
				GCC_NO_COMMON_BLOCKS = YES;
				GCC_OPTIMIZATION_LEVEL = 0;
				GCC_PREPROCESSOR_DEFINITIONS = (
					"DEBUG=1",
					"$(inherited)",
				);
				GCC_SYMBOLS_PRIVATE_EXTERN = NO;
				GCC_WARN_64_TO_32_BIT_CONVERSION = YES;
				GCC_WARN_ABOUT_RETURN_TYPE = YES_ERROR;
				GCC_WARN_UNDECLARED_SELECTOR = YES;
				GCC_WARN_UNINITIALIZED_AUTOS = YES_AGGRESSIVE;
				GCC_WARN_UNUSED_FUNCTION = YES;
				GCC_WARN_UNUSED_VARIABLE = YES;
				IPHONEOS_DEPLOYMENT_TARGET = 8.4;
				MTL_ENABLE_DEBUG_INFO = YES;
				ONLY_ACTIVE_ARCH = YES;
				SDKROOT = iphoneos;
				SWIFT_OPTIMIZATION_LEVEL = "-Onone";
				TARGETED_DEVICE_FAMILY = "1,2";
			};
			name = Debug;
		};
		8019FFA81B640ECD00D32DEF /* Release */ = {
			isa = XCBuildConfiguration;
			buildSettings = {
				ALWAYS_SEARCH_USER_PATHS = NO;
				CLANG_CXX_LANGUAGE_STANDARD = "gnu++0x";
				CLANG_CXX_LIBRARY = "libc++";
				CLANG_ENABLE_MODULES = YES;
				CLANG_ENABLE_OBJC_ARC = YES;
				CLANG_WARN_BOOL_CONVERSION = YES;
				CLANG_WARN_CONSTANT_CONVERSION = YES;
				CLANG_WARN_DIRECT_OBJC_ISA_USAGE = YES_ERROR;
				CLANG_WARN_EMPTY_BODY = YES;
				CLANG_WARN_ENUM_CONVERSION = YES;
				CLANG_WARN_INT_CONVERSION = YES;
				CLANG_WARN_OBJC_ROOT_CLASS = YES_ERROR;
				CLANG_WARN_UNREACHABLE_CODE = YES;
				CLANG_WARN__DUPLICATE_METHOD_MATCH = YES;
				"CODE_SIGN_IDENTITY[sdk=iphoneos*]" = "iPhone Developer";
				COPY_PHASE_STRIP = NO;
				DEBUG_INFORMATION_FORMAT = "dwarf-with-dsym";
				ENABLE_NS_ASSERTIONS = NO;
				ENABLE_STRICT_OBJC_MSGSEND = YES;
				GCC_C_LANGUAGE_STANDARD = gnu99;
				GCC_NO_COMMON_BLOCKS = YES;
				GCC_WARN_64_TO_32_BIT_CONVERSION = YES;
				GCC_WARN_ABOUT_RETURN_TYPE = YES_ERROR;
				GCC_WARN_UNDECLARED_SELECTOR = YES;
				GCC_WARN_UNINITIALIZED_AUTOS = YES_AGGRESSIVE;
				GCC_WARN_UNUSED_FUNCTION = YES;
				GCC_WARN_UNUSED_VARIABLE = YES;
				IPHONEOS_DEPLOYMENT_TARGET = 8.4;
				MTL_ENABLE_DEBUG_INFO = NO;
				SDKROOT = iphoneos;
				TARGETED_DEVICE_FAMILY = "1,2";
				VALIDATE_PRODUCT = YES;
			};
			name = Release;
		};
		8019FFAA1B640ECD00D32DEF /* Debug */ = {
			isa = XCBuildConfiguration;
			baseConfigurationReference = 192886F0461DBD51615536C9 /* Pods.debug.xcconfig */;
			buildSettings = {
				ASSETCATALOG_COMPILER_APPICON_NAME = AppIcon;
				INFOPLIST_FILE = Duvidei/Info.plist;
				LD_RUNPATH_SEARCH_PATHS = "$(inherited) @executable_path/Frameworks";
				PRODUCT_NAME = "$(TARGET_NAME)";
				SWIFT_OBJC_BRIDGING_HEADER = "Duvidei/bridging-header.h";
			};
			name = Debug;
		};
		8019FFAB1B640ECD00D32DEF /* Release */ = {
			isa = XCBuildConfiguration;
			baseConfigurationReference = 12421D272B30C65B70D98F01 /* Pods.release.xcconfig */;
			buildSettings = {
				ASSETCATALOG_COMPILER_APPICON_NAME = AppIcon;
				INFOPLIST_FILE = Duvidei/Info.plist;
				LD_RUNPATH_SEARCH_PATHS = "$(inherited) @executable_path/Frameworks";
				PRODUCT_NAME = "$(TARGET_NAME)";
				SWIFT_OBJC_BRIDGING_HEADER = "Duvidei/bridging-header.h";
			};
			name = Release;
		};
		8019FFAD1B640ECD00D32DEF /* Debug */ = {
			isa = XCBuildConfiguration;
			buildSettings = {
				BUNDLE_LOADER = "$(TEST_HOST)";
				FRAMEWORK_SEARCH_PATHS = (
					"$(SDKROOT)/Developer/Library/Frameworks",
					"$(inherited)",
				);
				GCC_PREPROCESSOR_DEFINITIONS = (
					"DEBUG=1",
					"$(inherited)",
				);
				INFOPLIST_FILE = DuvideiTests/Info.plist;
				LD_RUNPATH_SEARCH_PATHS = "$(inherited) @executable_path/Frameworks @loader_path/Frameworks";
				PRODUCT_NAME = "$(TARGET_NAME)";
				TEST_HOST = "$(BUILT_PRODUCTS_DIR)/Duvidei.app/Duvidei";
			};
			name = Debug;
		};
		8019FFAE1B640ECD00D32DEF /* Release */ = {
			isa = XCBuildConfiguration;
			buildSettings = {
				BUNDLE_LOADER = "$(TEST_HOST)";
				FRAMEWORK_SEARCH_PATHS = (
					"$(SDKROOT)/Developer/Library/Frameworks",
					"$(inherited)",
				);
				INFOPLIST_FILE = DuvideiTests/Info.plist;
				LD_RUNPATH_SEARCH_PATHS = "$(inherited) @executable_path/Frameworks @loader_path/Frameworks";
				PRODUCT_NAME = "$(TARGET_NAME)";
				TEST_HOST = "$(BUILT_PRODUCTS_DIR)/Duvidei.app/Duvidei";
			};
			name = Release;
		};
/* End XCBuildConfiguration section */

/* Begin XCConfigurationList section */
		8019FF851B640ECD00D32DEF /* Build configuration list for PBXProject "Duvidei" */ = {
			isa = XCConfigurationList;
			buildConfigurations = (
				8019FFA71B640ECD00D32DEF /* Debug */,
				8019FFA81B640ECD00D32DEF /* Release */,
			);
			defaultConfigurationIsVisible = 0;
			defaultConfigurationName = Release;
		};
		8019FFA91B640ECD00D32DEF /* Build configuration list for PBXNativeTarget "Duvidei" */ = {
			isa = XCConfigurationList;
			buildConfigurations = (
				8019FFAA1B640ECD00D32DEF /* Debug */,
				8019FFAB1B640ECD00D32DEF /* Release */,
			);
			defaultConfigurationIsVisible = 0;
			defaultConfigurationName = Release;
		};
		8019FFAC1B640ECD00D32DEF /* Build configuration list for PBXNativeTarget "DuvideiTests" */ = {
			isa = XCConfigurationList;
			buildConfigurations = (
				8019FFAD1B640ECD00D32DEF /* Debug */,
				8019FFAE1B640ECD00D32DEF /* Release */,
			);
			defaultConfigurationIsVisible = 0;
			defaultConfigurationName = Release;
		};
/* End XCConfigurationList section */
	};
	rootObject = 8019FF821B640ECD00D32DEF /* Project object */;
}
